
Microsoft Visual Studio Solution File, Format Version 12.00
# Visual Studio Version 16
VisualStudioVersion = 16.0.30309.148
MinimumVisualStudioVersion = 10.0.40219.1
Project("{9A19103F-16F7-4668-BE54-9A1E7A4F7556}") = "Dobble", "Dobble\Dobble.csproj", "{67424AB5-73DD-4290-A67B-653C8842A8E3}"
EndProject
Project("{FAE04EC0-301F-11D3-BF4B-00C04F79EFBC}") = "DobbleTests", "DobbleTests\DobbleTests.csproj", "{883926AB-464F-4C65-AF1F-1253963D1EA3}"
EndProject
Global
	GlobalSection(SolutionConfigurationPlatforms) = preSolution
		Debug|Any CPU = Debug|Any CPU
		Release|Any CPU = Release|Any CPU
	EndGlobalSection
	GlobalSection(ProjectConfigurationPlatforms) = postSolution
		{67424AB5-73DD-4290-A67B-653C8842A8E3}.Debug|Any CPU.ActiveCfg = Debug|Any CPU
		{67424AB5-73DD-4290-A67B-653C8842A8E3}.Debug|Any CPU.Build.0 = Debug|Any CPU
		{67424AB5-73DD-4290-A67B-653C8842A8E3}.Release|Any CPU.ActiveCfg = Release|Any CPU
		{67424AB5-73DD-4290-A67B-653C8842A8E3}.Release|Any CPU.Build.0 = Release|Any CPU
		{883926AB-464F-4C65-AF1F-1253963D1EA3}.Debug|Any CPU.ActiveCfg = Debug|Any CPU
		{883926AB-464F-4C65-AF1F-1253963D1EA3}.Debug|Any CPU.Build.0 = Debug|Any CPU
		{883926AB-464F-4C65-AF1F-1253963D1EA3}.Release|Any CPU.ActiveCfg = Release|Any CPU
		{883926AB-464F-4C65-AF1F-1253963D1EA3}.Release|Any CPU.Build.0 = Release|Any CPU
	EndGlobalSection
	GlobalSection(SolutionProperties) = preSolution
		HideSolutionNode = FALSE
	EndGlobalSection
	GlobalSection(ExtensibilityGlobals) = postSolution
		SolutionGuid = {C6EB49D0-DDC7-4B14-82F8-76E9AAFDF24B}
	EndGlobalSection
EndGlobal
